
Microsoft Visual Studio Solution File, Format Version 12.00
# Visual Studio Version 17
VisualStudioVersion = 17.9.34728.123
MinimumVisualStudioVersion = 10.0.40219.1
Project("{9A19103F-16F7-4668-BE54-9A1E7A4F7556}") = "LeapYearEvaluator", "LeapYearEvaluator\LeapYearEvaluator.csproj", "{7228410B-03E1-44B5-AE9C-F1C04A1CB1AB}"
EndProject
Project("{FAE04EC0-301F-11D3-BF4B-00C04F79EFBC}") = "LeapYearEvaluatorTests", "LeapYearEvaluatorTests\LeapYearEvaluatorTests.csproj", "{792DC888-6BB9-4AA8-B2AF-2AA60B0EFBD3}"
EndProject
Global
	GlobalSection(SolutionConfigurationPlatforms) = preSolution
		Debug|Any CPU = Debug|Any CPU
		Release|Any CPU = Release|Any CPU
	EndGlobalSection
	GlobalSection(ProjectConfigurationPlatforms) = postSolution
		{7228410B-03E1-44B5-AE9C-F1C04A1CB1AB}.Debug|Any CPU.ActiveCfg = Debug|Any CPU
		{7228410B-03E1-44B5-AE9C-F1C04A1CB1AB}.Debug|Any CPU.Build.0 = Debug|Any CPU
		{7228410B-03E1-44B5-AE9C-F1C04A1CB1AB}.Release|Any CPU.ActiveCfg = Release|Any CPU
		{7228410B-03E1-44B5-AE9C-F1C04A1CB1AB}.Release|Any CPU.Build.0 = Release|Any CPU
		{792DC888-6BB9-4AA8-B2AF-2AA60B0EFBD3}.Debug|Any CPU.ActiveCfg = Debug|Any CPU
		{792DC888-6BB9-4AA8-B2AF-2AA60B0EFBD3}.Debug|Any CPU.Build.0 = Debug|Any CPU
		{792DC888-6BB9-4AA8-B2AF-2AA60B0EFBD3}.Release|Any CPU.ActiveCfg = Release|Any CPU
		{792DC888-6BB9-4AA8-B2AF-2AA60B0EFBD3}.Release|Any CPU.Build.0 = Release|Any CPU
	EndGlobalSection
	GlobalSection(SolutionProperties) = preSolution
		HideSolutionNode = FALSE
	EndGlobalSection
	GlobalSection(ExtensibilityGlobals) = postSolution
		SolutionGuid = {29E46C02-4150-4BD1-8F8F-6477914B1397}
	EndGlobalSection
EndGlobal
